
Microsoft Visual Studio Solution File, Format Version 12.00
# Visual Studio Version 17
VisualStudioVersion = 17.1.32414.318
MinimumVisualStudioVersion = 10.0.40219.1
Project("{FAE04EC0-301F-11D3-BF4B-00C04F79EFBC}") = "Homework_11", "Homework_11\Homework_11.csproj", "{0017FD69-DA5B-4A40-9E2B-8DEDD2694FD6}"
EndProject
Global
	GlobalSection(SolutionConfigurationPlatforms) = preSolution
		Debug|Any CPU = Debug|Any CPU
		Release|Any CPU = Release|Any CPU
	EndGlobalSection
	GlobalSection(ProjectConfigurationPlatforms) = postSolution
		{0017FD69-DA5B-4A40-9E2B-8DEDD2694FD6}.Debug|Any CPU.ActiveCfg = Debug|Any CPU
		{0017FD69-DA5B-4A40-9E2B-8DEDD2694FD6}.Debug|Any CPU.Build.0 = Debug|Any CPU
		{0017FD69-DA5B-4A40-9E2B-8DEDD2694FD6}.Release|Any CPU.ActiveCfg = Release|Any CPU
		{0017FD69-DA5B-4A40-9E2B-8DEDD2694FD6}.Release|Any CPU.Build.0 = Release|Any CPU
	EndGlobalSection
	GlobalSection(SolutionProperties) = preSolution
		HideSolutionNode = FALSE
	EndGlobalSection
	GlobalSection(ExtensibilityGlobals) = postSolution
		SolutionGuid = {CF8EE912-5F0F-4E56-A871-836C3DE7715D}
	EndGlobalSection
EndGlobal
